
Microsoft Visual Studio Solution File, Format Version 12.00
# Visual Studio Version 17
VisualStudioVersion = 17.11.35222.181
MinimumVisualStudioVersion = 10.0.40219.1
Project("{FAE04EC0-301F-11D3-BF4B-00C04F79EFBC}") = "DemoHooks", "DemoHooks\DemoHooks.csproj", "{7AD14EC0-9F31-4FA9-A67C-76118DD664CA}"
EndProject
Global
	GlobalSection(SolutionConfigurationPlatforms) = preSolution
		Debug|Any CPU = Debug|Any CPU
		Release|Any CPU = Release|Any CPU
	EndGlobalSection
	GlobalSection(ProjectConfigurationPlatforms) = postSolution
		{7AD14EC0-9F31-4FA9-A67C-76118DD664CA}.Debug|Any CPU.ActiveCfg = Debug|Any CPU
		{7AD14EC0-9F31-4FA9-A67C-76118DD664CA}.Debug|Any CPU.Build.0 = Debug|Any CPU
		{7AD14EC0-9F31-4FA9-A67C-76118DD664CA}.Release|Any CPU.ActiveCfg = Release|Any CPU
		{7AD14EC0-9F31-4FA9-A67C-76118DD664CA}.Release|Any CPU.Build.0 = Release|Any CPU
	EndGlobalSection
	GlobalSection(SolutionProperties) = preSolution
		HideSolutionNode = FALSE
	EndGlobalSection
	GlobalSection(ExtensibilityGlobals) = postSolution
		SolutionGuid = {22F1EF85-B3E7-42C1-9AFD-93D15665F11C}
	EndGlobalSection
EndGlobal
